
Microsoft Visual Studio Solution File, Format Version 12.00
# Visual Studio Version 16
VisualStudioVersion = 16.0.33027.164
MinimumVisualStudioVersion = 10.0.40219.1
Project("{FAE04EC0-301F-11D3-BF4B-00C04F79EFBC}") = "SurveyPro.MVC", "SurveyPro\SurveyPro.MVC.csproj", "{7809F3E0-F6A1-4675-9280-3B4D88105FFF}"
EndProject
Global
	GlobalSection(SolutionConfigurationPlatforms) = preSolution
		Debug|Any CPU = Debug|Any CPU
		Release|Any CPU = Release|Any CPU
	EndGlobalSection
	GlobalSection(ProjectConfigurationPlatforms) = postSolution
		{7809F3E0-F6A1-4675-9280-3B4D88105FFF}.Debug|Any CPU.ActiveCfg = Debug|Any CPU
		{7809F3E0-F6A1-4675-9280-3B4D88105FFF}.Debug|Any CPU.Build.0 = Debug|Any CPU
		{7809F3E0-F6A1-4675-9280-3B4D88105FFF}.Release|Any CPU.ActiveCfg = Release|Any CPU
		{7809F3E0-F6A1-4675-9280-3B4D88105FFF}.Release|Any CPU.Build.0 = Release|Any CPU
	EndGlobalSection
	GlobalSection(SolutionProperties) = preSolution
		HideSolutionNode = FALSE
	EndGlobalSection
	GlobalSection(ExtensibilityGlobals) = postSolution
		SolutionGuid = {AB176057-C0FF-4955-84A6-4003ACFB94BA}
	EndGlobalSection
EndGlobal
